
Microsoft Visual Studio Solution File, Format Version 12.00
# Visual Studio Version 16
VisualStudioVersion = 16.0.29905.134
MinimumVisualStudioVersion = 10.0.40219.1
Project("{9A19103F-16F7-4668-BE54-9A1E7A4F7556}") = "Raptor", "Raptor\Raptor.csproj", "{E1625351-56F0-4058-A3F2-ACF009187CFC}"
EndProject
Project("{9A19103F-16F7-4668-BE54-9A1E7A4F7556}") = "RaptorPlayground", "RaptorPlayground\RaptorPlayground.csproj", "{970CED30-C6F6-4B55-A7C3-8C6E1628AB2B}"
EndProject
Project("{2150E333-8FDC-42A3-9474-1A3956D46DE8}") = "Testing", "Testing", "{DA2AB7CF-A778-416B-BFBF-1E27CC23855C}"
	ProjectSection(SolutionItems) = preProject
		Raptor.runsettings = Raptor.runsettings
	EndProjectSection
EndProject
Project("{9A19103F-16F7-4668-BE54-9A1E7A4F7556}") = "Raptor.Tests", "RaptorTests\Raptor.Tests.csproj", "{2E9B16A9-4C00-493E-B82A-3E362D532C49}"
EndProject
Project("{2150E333-8FDC-42A3-9474-1A3956D46DE8}") = "AzureDevOps", "AzureDevOps", "{B97B3092-5C8C-4B11-AD8C-BD1AE1BA0A1B}"
	ProjectSection(SolutionItems) = preProject
		azure-pipelines-develop.yml = azure-pipelines-develop.yml
		azure-pipelines-master.yml = azure-pipelines-master.yml
	EndProjectSection
EndProject
Project("{2150E333-8FDC-42A3-9474-1A3956D46DE8}") = "SolutionItems", "SolutionItems", "{1F9812D7-4FF5-4B46-B702-59A0B2A7DBB5}"
	ProjectSection(SolutionItems) = preProject
		LICENSE.md = LICENSE.md
		README.md = README.md
		RELEASENOTES.md = RELEASENOTES.md
	EndProjectSection
EndProject
Global
	GlobalSection(SolutionConfigurationPlatforms) = preSolution
		Debug-Win|Any CPU = Debug-Win|Any CPU
		Release-Win|Any CPU = Release-Win|Any CPU
	EndGlobalSection
	GlobalSection(ProjectConfigurationPlatforms) = postSolution
		{E1625351-56F0-4058-A3F2-ACF009187CFC}.Debug-Win|Any CPU.ActiveCfg = Debug-Win|Any CPU
		{E1625351-56F0-4058-A3F2-ACF009187CFC}.Debug-Win|Any CPU.Build.0 = Debug-Win|Any CPU
		{E1625351-56F0-4058-A3F2-ACF009187CFC}.Release-Win|Any CPU.ActiveCfg = Release-Win|Any CPU
		{E1625351-56F0-4058-A3F2-ACF009187CFC}.Release-Win|Any CPU.Build.0 = Release-Win|Any CPU
		{970CED30-C6F6-4B55-A7C3-8C6E1628AB2B}.Debug-Win|Any CPU.ActiveCfg = Debug-Win|Any CPU
		{970CED30-C6F6-4B55-A7C3-8C6E1628AB2B}.Debug-Win|Any CPU.Build.0 = Debug-Win|Any CPU
		{970CED30-C6F6-4B55-A7C3-8C6E1628AB2B}.Release-Win|Any CPU.ActiveCfg = Release-Win|Any CPU
		{970CED30-C6F6-4B55-A7C3-8C6E1628AB2B}.Release-Win|Any CPU.Build.0 = Release-Win|Any CPU
		{2E9B16A9-4C00-493E-B82A-3E362D532C49}.Debug-Win|Any CPU.ActiveCfg = Debug-Win|Any CPU
		{2E9B16A9-4C00-493E-B82A-3E362D532C49}.Debug-Win|Any CPU.Build.0 = Debug-Win|Any CPU
		{2E9B16A9-4C00-493E-B82A-3E362D532C49}.Release-Win|Any CPU.ActiveCfg = Release-Win|Any CPU
		{2E9B16A9-4C00-493E-B82A-3E362D532C49}.Release-Win|Any CPU.Build.0 = Release-Win|Any CPU
	EndGlobalSection
	GlobalSection(SolutionProperties) = preSolution
		HideSolutionNode = FALSE
	EndGlobalSection
	GlobalSection(NestedProjects) = preSolution
		{2E9B16A9-4C00-493E-B82A-3E362D532C49} = {DA2AB7CF-A778-416B-BFBF-1E27CC23855C}
	EndGlobalSection
	GlobalSection(ExtensibilityGlobals) = postSolution
		SolutionGuid = {A7C170FA-8E94-4712-932B-1D6B7B4C9DA8}
	EndGlobalSection
EndGlobal
