
Microsoft Visual Studio Solution File, Format Version 12.00
# Visual Studio Version 17
VisualStudioVersion = 17.0.31903.59
MinimumVisualStudioVersion = 10.0.40219.1
Project("{9A19103F-16F7-4668-BE54-9A1E7A4F7556}") = "Velaptor", "Velaptor\Velaptor.csproj", "{E1625351-56F0-4058-A3F2-ACF009187CFC}"
EndProject
Project("{2150E333-8FDC-42A3-9474-1A3956D46DE8}") = "Testing", "Testing", "{DA2AB7CF-A778-416B-BFBF-1E27CC23855C}"
	ProjectSection(SolutionItems) = preProject
		Testing\.editorconfig = Testing\.editorconfig
		Testing\Velaptor.runsettings = Testing\Velaptor.runsettings
	EndProjectSection
EndProject
Project("{2150E333-8FDC-42A3-9474-1A3956D46DE8}") = "SolutionItems", "SolutionItems", "{1F9812D7-4FF5-4B46-B702-59A0B2A7DBB5}"
	ProjectSection(SolutionItems) = preProject
		.editorconfig = .editorconfig
		.gitignore = .gitignore
		BACKERS.md = BACKERS.md
		.config\dotnet-tools.json = .config\dotnet-tools.json
		LICENSE.md = LICENSE.md
		README.md = README.md
	EndProjectSection
EndProject
Project("{9A19103F-16F7-4668-BE54-9A1E7A4F7556}") = "VelaptorTesting", "Testing\VelaptorTesting\VelaptorTesting.csproj", "{63793161-2B97-4875-8633-DD6B51DACD77}"
EndProject
Project("{9A19103F-16F7-4668-BE54-9A1E7A4F7556}") = "VelaptorTests", "Testing\VelaptorTests\VelaptorTests.csproj", "{C6AFDF55-196C-41D6-9174-0A03A934586F}"
EndProject
Project("{2150E333-8FDC-42A3-9474-1A3956D46DE8}") = "GitHub", "GitHub", "{E248AD89-D6AB-4183-88F1-133875647706}"
	ProjectSection(SolutionItems) = preProject
		.github\ReleaseTweetTemplate.txt = .github\ReleaseTweetTemplate.txt
		.github\stale.yml = .github\stale.yml
	EndProjectSection
EndProject
Project("{2150E333-8FDC-42A3-9474-1A3956D46DE8}") = "Workflows", "Workflows", "{CE2DE8AE-0037-4159-AE95-14D261BF9122}"
	ProjectSection(SolutionItems) = preProject
		.github\workflows\build-pr-status-check.yml = .github\workflows\build-pr-status-check.yml
		.github\workflows\feature-pr-status-check.yml = .github\workflows\feature-pr-status-check.yml
		.github\workflows\hotfix-pr-status-check.yml = .github\workflows\hotfix-pr-status-check.yml
		.github\workflows\prev-feature-pr-status-check.yml = .github\workflows\prev-feature-pr-status-check.yml
		.github\workflows\prev-release-pr-status-check.yml = .github\workflows\prev-release-pr-status-check.yml
		.github\workflows\prev-release.yml = .github\workflows\prev-release.yml
		.github\workflows\prod-release-pr-status-check.yml = .github\workflows\prod-release-pr-status-check.yml
		.github\workflows\prod-release.yml = .github\workflows\prod-release.yml
		.github\workflows\triage-issue.yml = .github\workflows\triage-issue.yml
		.github\workflows\unit-test-pr-status-check.yml = .github\workflows\unit-test-pr-status-check.yml
	EndProjectSection
EndProject
Global
	GlobalSection(SolutionConfigurationPlatforms) = preSolution
		Debug|x64 = Debug|x64
		Debug-Console|x64 = Debug-Console|x64
		Release|x64 = Release|x64
		Release-Console|x64 = Release-Console|x64
	EndGlobalSection
	GlobalSection(ProjectConfigurationPlatforms) = postSolution
		{E1625351-56F0-4058-A3F2-ACF009187CFC}.Debug|x64.ActiveCfg = Debug|x64
		{E1625351-56F0-4058-A3F2-ACF009187CFC}.Debug|x64.Build.0 = Debug|x64
		{E1625351-56F0-4058-A3F2-ACF009187CFC}.Debug-Console|x64.ActiveCfg = Debug|x64
		{E1625351-56F0-4058-A3F2-ACF009187CFC}.Debug-Console|x64.Build.0 = Debug|x64
		{E1625351-56F0-4058-A3F2-ACF009187CFC}.Release|x64.ActiveCfg = Release|x64
		{E1625351-56F0-4058-A3F2-ACF009187CFC}.Release|x64.Build.0 = Release|x64
		{E1625351-56F0-4058-A3F2-ACF009187CFC}.Release-Console|x64.ActiveCfg = Release|x64
		{E1625351-56F0-4058-A3F2-ACF009187CFC}.Release-Console|x64.Build.0 = Release|x64
		{63793161-2B97-4875-8633-DD6B51DACD77}.Debug|x64.ActiveCfg = Debug|x64
		{63793161-2B97-4875-8633-DD6B51DACD77}.Debug|x64.Build.0 = Debug|x64
		{63793161-2B97-4875-8633-DD6B51DACD77}.Debug-Console|x64.ActiveCfg = Debug-Console|x64
		{63793161-2B97-4875-8633-DD6B51DACD77}.Debug-Console|x64.Build.0 = Debug-Console|x64
		{63793161-2B97-4875-8633-DD6B51DACD77}.Release|x64.ActiveCfg = Release|x64
		{63793161-2B97-4875-8633-DD6B51DACD77}.Release|x64.Build.0 = Release|x64
		{63793161-2B97-4875-8633-DD6B51DACD77}.Release-Console|x64.ActiveCfg = Release-Console|x64
		{63793161-2B97-4875-8633-DD6B51DACD77}.Release-Console|x64.Build.0 = Release-Console|x64
		{C6AFDF55-196C-41D6-9174-0A03A934586F}.Debug|x64.ActiveCfg = Debug|x64
		{C6AFDF55-196C-41D6-9174-0A03A934586F}.Debug|x64.Build.0 = Debug|x64
		{C6AFDF55-196C-41D6-9174-0A03A934586F}.Debug-Console|x64.ActiveCfg = Debug|x64
		{C6AFDF55-196C-41D6-9174-0A03A934586F}.Debug-Console|x64.Build.0 = Debug|x64
		{C6AFDF55-196C-41D6-9174-0A03A934586F}.Release|x64.ActiveCfg = Release|x64
		{C6AFDF55-196C-41D6-9174-0A03A934586F}.Release|x64.Build.0 = Release|x64
		{C6AFDF55-196C-41D6-9174-0A03A934586F}.Release-Console|x64.ActiveCfg = Release|x64
		{C6AFDF55-196C-41D6-9174-0A03A934586F}.Release-Console|x64.Build.0 = Release|x64
	EndGlobalSection
	GlobalSection(SolutionProperties) = preSolution
		HideSolutionNode = FALSE
	EndGlobalSection
	GlobalSection(NestedProjects) = preSolution
		{63793161-2B97-4875-8633-DD6B51DACD77} = {DA2AB7CF-A778-416B-BFBF-1E27CC23855C}
		{C6AFDF55-196C-41D6-9174-0A03A934586F} = {DA2AB7CF-A778-416B-BFBF-1E27CC23855C}
		{E248AD89-D6AB-4183-88F1-133875647706} = {1F9812D7-4FF5-4B46-B702-59A0B2A7DBB5}
		{CE2DE8AE-0037-4159-AE95-14D261BF9122} = {E248AD89-D6AB-4183-88F1-133875647706}
	EndGlobalSection
	GlobalSection(ExtensibilityGlobals) = postSolution
		SolutionGuid = {A7C170FA-8E94-4712-932B-1D6B7B4C9DA8}
	EndGlobalSection
EndGlobal
