
Microsoft Visual Studio Solution File, Format Version 12.00
# Visual Studio Version 16
VisualStudioVersion = 16.0.29905.134
MinimumVisualStudioVersion = 10.0.40219.1
Project("{9A19103F-16F7-4668-BE54-9A1E7A4F7556}") = "Velaptor", "Velaptor\Velaptor.csproj", "{E1625351-56F0-4058-A3F2-ACF009187CFC}"
EndProject
Project("{2150E333-8FDC-42A3-9474-1A3956D46DE8}") = "Testing", "Testing", "{DA2AB7CF-A778-416B-BFBF-1E27CC23855C}"
	ProjectSection(SolutionItems) = preProject
		Testing\.editorconfig = Testing\.editorconfig
		Testing\Velaptor.runsettings = Testing\Velaptor.runsettings
	EndProjectSection
EndProject
Project("{2150E333-8FDC-42A3-9474-1A3956D46DE8}") = "SolutionItems", "SolutionItems", "{1F9812D7-4FF5-4B46-B702-59A0B2A7DBB5}"
	ProjectSection(SolutionItems) = preProject
		.editorconfig = .editorconfig
		CONTRIBUTING.md = CONTRIBUTING.md
		LICENSE.md = LICENSE.md
		README.md = README.md
		RELEASENOTES.md = RELEASENOTES.md
	EndProjectSection
EndProject
Project("{9A19103F-16F7-4668-BE54-9A1E7A4F7556}") = "VelaptorTesting", "Testing\VelaptorTesting\VelaptorTesting.csproj", "{63793161-2B97-4875-8633-DD6B51DACD77}"
EndProject
Project("{9A19103F-16F7-4668-BE54-9A1E7A4F7556}") = "VelaptorTests", "Testing\VelaptorTests\VelaptorTests.csproj", "{C6AFDF55-196C-41D6-9174-0A03A934586F}"
EndProject
Project("{2150E333-8FDC-42A3-9474-1A3956D46DE8}") = "GitHub", "GitHub", "{E248AD89-D6AB-4183-88F1-133875647706}"
EndProject
Project("{2150E333-8FDC-42A3-9474-1A3956D46DE8}") = "Workflows", "Workflows", "{CE2DE8AE-0037-4159-AE95-14D261BF9122}"
EndProject
Project("{2150E333-8FDC-42A3-9474-1A3956D46DE8}") = "PullRequestTemplates", "PullRequestTemplates", "{6653D425-BD0A-42A4-A06C-715674139E0F}"
ProjectSection(SolutionItems) = preProject
	.github\PULL_REQUEST_TEMPLATE\feature-to-develop.md = .github\PULL_REQUEST_TEMPLATE\feature-to-develop.md
	.github\PULL_REQUEST_TEMPLATE\preview-release-to-release.md = .github\PULL_REQUEST_TEMPLATE\preview-release-to-release.md
	.github\PULL_REQUEST_TEMPLATE\release-to-master.md = .github\PULL_REQUEST_TEMPLATE\release-to-master.md
EndProjectSection
EndProject
Project("{2150E333-8FDC-42A3-9474-1A3956D46DE8}") = "IssueTemplates", "IssueTemplates", "{369B0299-64E9-4C42-937B-501E599C1210}"
ProjectSection(SolutionItems) = preProject
	.github\ISSUE_TEMPLATE\bug-issue-template.yml = .github\ISSUE_TEMPLATE\bug-issue-template.yml
	.github\ISSUE_TEMPLATE\feature-request-issue-template.yml = .github\ISSUE_TEMPLATE\feature-request-issue-template.yml
	.github\ISSUE_TEMPLATE\project-item-issue-template.yml = .github\ISSUE_TEMPLATE\project-item-issue-template.yml
EndProjectSection
EndProject
Global
	GlobalSection(SolutionConfigurationPlatforms) = preSolution
		Debug|Any CPU = Debug|Any CPU
		Release|Any CPU = Release|Any CPU
	EndGlobalSection
	GlobalSection(ProjectConfigurationPlatforms) = postSolution
		{E1625351-56F0-4058-A3F2-ACF009187CFC}.Debug|Any CPU.ActiveCfg = Debug|Any CPU
		{E1625351-56F0-4058-A3F2-ACF009187CFC}.Debug|Any CPU.Build.0 = Debug|Any CPU
		{E1625351-56F0-4058-A3F2-ACF009187CFC}.Release|Any CPU.ActiveCfg = Release|Any CPU
		{E1625351-56F0-4058-A3F2-ACF009187CFC}.Release|Any CPU.Build.0 = Release|Any CPU
		{63793161-2B97-4875-8633-DD6B51DACD77}.Debug|Any CPU.ActiveCfg = Debug|Any CPU
		{63793161-2B97-4875-8633-DD6B51DACD77}.Debug|Any CPU.Build.0 = Debug|Any CPU
		{63793161-2B97-4875-8633-DD6B51DACD77}.Release|Any CPU.ActiveCfg = Release|Any CPU
		{63793161-2B97-4875-8633-DD6B51DACD77}.Release|Any CPU.Build.0 = Release|Any CPU
		{C6AFDF55-196C-41D6-9174-0A03A934586F}.Debug|Any CPU.ActiveCfg = Debug|Any CPU
		{C6AFDF55-196C-41D6-9174-0A03A934586F}.Debug|Any CPU.Build.0 = Debug|Any CPU
		{C6AFDF55-196C-41D6-9174-0A03A934586F}.Release|Any CPU.ActiveCfg = Release|Any CPU
		{C6AFDF55-196C-41D6-9174-0A03A934586F}.Release|Any CPU.Build.0 = Release|Any CPU
	EndGlobalSection
	GlobalSection(SolutionProperties) = preSolution
		HideSolutionNode = FALSE
	EndGlobalSection
	GlobalSection(NestedProjects) = preSolution
		{63793161-2B97-4875-8633-DD6B51DACD77} = {DA2AB7CF-A778-416B-BFBF-1E27CC23855C}
		{C6AFDF55-196C-41D6-9174-0A03A934586F} = {DA2AB7CF-A778-416B-BFBF-1E27CC23855C}
		{E248AD89-D6AB-4183-88F1-133875647706} = {1F9812D7-4FF5-4B46-B702-59A0B2A7DBB5}
		{CE2DE8AE-0037-4159-AE95-14D261BF9122} = {E248AD89-D6AB-4183-88F1-133875647706}
		{6653D425-BD0A-42A4-A06C-715674139E0F} = {E248AD89-D6AB-4183-88F1-133875647706}
		{369B0299-64E9-4C42-937B-501E599C1210} = {E248AD89-D6AB-4183-88F1-133875647706}
	EndGlobalSection
	GlobalSection(ExtensibilityGlobals) = postSolution
		SolutionGuid = {A7C170FA-8E94-4712-932B-1D6B7B4C9DA8}
	EndGlobalSection
EndGlobal
